// !$*UTF8*$!
{
	archiveVersion = 1;
	classes = {
	};
	objectVersion = 50;
	objects = {

/* Begin PBXBuildFile section */
		18377A2221EDAD9000803197 /* AppDelegate.swift in Sources */ = {isa = PBXBuildFile; fileRef = 18377A2121EDAD9000803197 /* AppDelegate.swift */; };
		18377A2421EDAD9000803197 /* ViewController.swift in Sources */ = {isa = PBXBuildFile; fileRef = 18377A2321EDAD9000803197 /* ViewController.swift */; };
		18377A2721EDAD9000803197 /* Main.storyboard in Resources */ = {isa = PBXBuildFile; fileRef = 18377A2521EDAD9000803197 /* Main.storyboard */; };
		18377A2921EDAD9500803197 /* Assets.xcassets in Resources */ = {isa = PBXBuildFile; fileRef = 18377A2821EDAD9500803197 /* Assets.xcassets */; };
		18377A2C21EDAD9500803197 /* LaunchScreen.storyboard in Resources */ = {isa = PBXBuildFile; fileRef = 18377A2A21EDAD9500803197 /* LaunchScreen.storyboard */; };
		18377A3721EDAD9500803197 /* hwfinalTests.swift in Sources */ = {isa = PBXBuildFile; fileRef = 18377A3621EDAD9500803197 /* hwfinalTests.swift */; };
		18377A4221EDAD9500803197 /* hwfinalUITests.swift in Sources */ = {isa = PBXBuildFile; fileRef = 18377A4121EDAD9500803197 /* hwfinalUITests.swift */; };
/* End PBXBuildFile section */

/* Begin PBXContainerItemProxy section */
		18377A3321EDAD9500803197 /* PBXContainerItemProxy */ = {
			isa = PBXContainerItemProxy;
			containerPortal = 18377A1621EDAD9000803197 /* Project object */;
			proxyType = 1;
			remoteGlobalIDString = 18377A1D21EDAD9000803197;
			remoteInfo = hwfinal;
		};
		18377A3E21EDAD9500803197 /* PBXContainerItemProxy */ = {
			isa = PBXContainerItemProxy;
			containerPortal = 18377A1621EDAD9000803197 /* Project object */;
			proxyType = 1;
			remoteGlobalIDString = 18377A1D21EDAD9000803197;
			remoteInfo = hwfinal;
		};
/* End PBXContainerItemProxy section */

/* Begin PBXFileReference section */
		18377A1E21EDAD9000803197 /* hwfinal.app */ = {isa = PBXFileReference; explicitFileType = wrapper.application; includeInIndex = 0; path = hwfinal.app; sourceTree = BUILT_PRODUCTS_DIR; };
		18377A2121EDAD9000803197 /* AppDelegate.swift */ = {isa = PBXFileReference; lastKnownFileType = sourcecode.swift; path = AppDelegate.swift; sourceTree = "<group>"; };
		18377A2321EDAD9000803197 /* ViewController.swift */ = {isa = PBXFileReference; lastKnownFileType = sourcecode.swift; path = ViewController.swift; sourceTree = "<group>"; };
		18377A2621EDAD9000803197 /* Base */ = {isa = PBXFileReference; lastKnownFileType = file.storyboard; name = Base; path = Base.lproj/Main.storyboard; sourceTree = "<group>"; };
		18377A2821EDAD9500803197 /* Assets.xcassets */ = {isa = PBXFileReference; lastKnownFileType = folder.assetcatalog; path = Assets.xcassets; sourceTree = "<group>"; };
		18377A2B21EDAD9500803197 /* Base */ = {isa = PBXFileReference; lastKnownFileType = file.storyboard; name = Base; path = Base.lproj/LaunchScreen.storyboard; sourceTree = "<group>"; };
		18377A2D21EDAD9500803197 /* Info.plist */ = {isa = PBXFileReference; lastKnownFileType = text.plist.xml; path = Info.plist; sourceTree = "<group>"; };
		18377A3221EDAD9500803197 /* hwfinalTests.xctest */ = {isa = PBXFileReference; explicitFileType = wrapper.cfbundle; includeInIndex = 0; path = hwfinalTests.xctest; sourceTree = BUILT_PRODUCTS_DIR; };
		18377A3621EDAD9500803197 /* hwfinalTests.swift */ = {isa = PBXFileReference; lastKnownFileType = sourcecode.swift; path = hwfinalTests.swift; sourceTree = "<group>"; };
		18377A3821EDAD9500803197 /* Info.plist */ = {isa = PBXFileReference; lastKnownFileType = text.plist.xml; path = Info.plist; sourceTree = "<group>"; };
		18377A3D21EDAD9500803197 /* hwfinalUITests.xctest */ = {isa = PBXFileReference; explicitFileType = wrapper.cfbundle; includeInIndex = 0; path = hwfinalUITests.xctest; sourceTree = BUILT_PRODUCTS_DIR; };
		18377A4121EDAD9500803197 /* hwfinalUITests.swift */ = {isa = PBXFileReference; lastKnownFileType = sourcecode.swift; path = hwfinalUITests.swift; sourceTree = "<group>"; };
		18377A4321EDAD9500803197 /* Info.plist */ = {isa = PBXFileReference; lastKnownFileType = text.plist.xml; path = Info.plist; sourceTree = "<group>"; };
/* End PBXFileReference section */

/* Begin PBXFrameworksBuildPhase section */
		18377A1B21EDAD9000803197 /* Frameworks */ = {
			isa = PBXFrameworksBuildPhase;
			buildActionMask = 2147483647;
			files = (
			);
			runOnlyForDeploymentPostprocessing = 0;
		};
		18377A2F21EDAD9500803197 /* Frameworks */ = {
			isa = PBXFrameworksBuildPhase;
			buildActionMask = 2147483647;
			files = (
			);
			runOnlyForDeploymentPostprocessing = 0;
		};
		18377A3A21EDAD9500803197 /* Frameworks */ = {
			isa = PBXFrameworksBuildPhase;
			buildActionMask = 2147483647;
			files = (
			);
			runOnlyForDeploymentPostprocessing = 0;
		};
/* End PBXFrameworksBuildPhase section */

/* Begin PBXGroup section */
		18377A1521EDAD9000803197 = {
			isa = PBXGroup;
			children = (
				18377A2021EDAD9000803197 /* hwfinal */,
				18377A3521EDAD9500803197 /* hwfinalTests */,
				18377A4021EDAD9500803197 /* hwfinalUITests */,
				18377A1F21EDAD9000803197 /* Products */,
			);
			sourceTree = "<group>";
		};
		18377A1F21EDAD9000803197 /* Products */ = {
			isa = PBXGroup;
			children = (
				18377A1E21EDAD9000803197 /* hwfinal.app */,
				18377A3221EDAD9500803197 /* hwfinalTests.xctest */,
				18377A3D21EDAD9500803197 /* hwfinalUITests.xctest */,
			);
			name = Products;
			sourceTree = "<group>";
		};
		18377A2021EDAD9000803197 /* hwfinal */ = {
			isa = PBXGroup;
			children = (
				18377A2121EDAD9000803197 /* AppDelegate.swift */,
				18377A2321EDAD9000803197 /* ViewController.swift */,
				18377A2521EDAD9000803197 /* Main.storyboard */,
				18377A2821EDAD9500803197 /* Assets.xcassets */,
				18377A2A21EDAD9500803197 /* LaunchScreen.storyboard */,
				18377A2D21EDAD9500803197 /* Info.plist */,
			);
			path = hwfinal;
			sourceTree = "<group>";
		};
		18377A3521EDAD9500803197 /* hwfinalTests */ = {
			isa = PBXGroup;
			children = (
				18377A3621EDAD9500803197 /* hwfinalTests.swift */,
				18377A3821EDAD9500803197 /* Info.plist */,
			);
			path = hwfinalTests;
			sourceTree = "<group>";
		};
		18377A4021EDAD9500803197 /* hwfinalUITests */ = {
			isa = PBXGroup;
			children = (
				18377A4121EDAD9500803197 /* hwfinalUITests.swift */,
				18377A4321EDAD9500803197 /* Info.plist */,
			);
			path = hwfinalUITests;
			sourceTree = "<group>";
		};
/* End PBXGroup section */

/* Begin PBXNativeTarget section */
		18377A1D21EDAD9000803197 /* hwfinal */ = {
			isa = PBXNativeTarget;
			buildConfigurationList = 18377A4621EDAD9500803197 /* Build configuration list for PBXNativeTarget "hwfinal" */;
			buildPhases = (
				18377A1A21EDAD9000803197 /* Sources */,
				18377A1B21EDAD9000803197 /* Frameworks */,
				18377A1C21EDAD9000803197 /* Resources */,
			);
			buildRules = (
			);
			dependencies = (
			);
			name = hwfinal;
			productName = hwfinal;
			productReference = 18377A1E21EDAD9000803197 /* hwfinal.app */;
			productType = "com.apple.product-type.application";
		};
		18377A3121EDAD9500803197 /* hwfinalTests */ = {
			isa = PBXNativeTarget;
			buildConfigurationList = 18377A4921EDAD9500803197 /* Build configuration list for PBXNativeTarget "hwfinalTests" */;
			buildPhases = (
				18377A2E21EDAD9500803197 /* Sources */,
				18377A2F21EDAD9500803197 /* Frameworks */,
				18377A3021EDAD9500803197 /* Resources */,
			);
			buildRules = (
			);
			dependencies = (
				18377A3421EDAD9500803197 /* PBXTargetDependency */,
			);
			name = hwfinalTests;
			productName = hwfinalTests;
			productReference = 18377A3221EDAD9500803197 /* hwfinalTests.xctest */;
			productType = "com.apple.product-type.bundle.unit-test";
		};
		18377A3C21EDAD9500803197 /* hwfinalUITests */ = {
			isa = PBXNativeTarget;
			buildConfigurationList = 18377A4C21EDAD9500803197 /* Build configuration list for PBXNativeTarget "hwfinalUITests" */;
			buildPhases = (
				18377A3921EDAD9500803197 /* Sources */,
				18377A3A21EDAD9500803197 /* Frameworks */,
				18377A3B21EDAD9500803197 /* Resources */,
			);
			buildRules = (
			);
			dependencies = (
				18377A3F21EDAD9500803197 /* PBXTargetDependency */,
			);
			name = hwfinalUITests;
			productName = hwfinalUITests;
			productReference = 18377A3D21EDAD9500803197 /* hwfinalUITests.xctest */;
			productType = "com.apple.product-type.bundle.ui-testing";
		};
/* End PBXNativeTarget section */

/* Begin PBXProject section */
		18377A1621EDAD9000803197 /* Project object */ = {
			isa = PBXProject;
			attributes = {
				LastSwiftUpdateCheck = 1000;
				LastUpgradeCheck = 1000;
				ORGANIZATIONNAME = Apple;
				TargetAttributes = {
					18377A1D21EDAD9000803197 = {
						CreatedOnToolsVersion = 10.0;
					};
					18377A3121EDAD9500803197 = {
						CreatedOnToolsVersion = 10.0;
						TestTargetID = 18377A1D21EDAD9000803197;
					};
					18377A3C21EDAD9500803197 = {
						CreatedOnToolsVersion = 10.0;
						TestTargetID = 18377A1D21EDAD9000803197;
					};
				};
			};
			buildConfigurationList = 18377A1921EDAD9000803197 /* Build configuration list for PBXProject "hwfinal" */;
			compatibilityVersion = "Xcode 9.3";
			developmentRegion = en;
			hasScannedForEncodings = 0;
			knownRegions = (
				en,
				Base,
			);
			mainGroup = 18377A1521EDAD9000803197;
			productRefGroup = 18377A1F21EDAD9000803197 /* Products */;
			projectDirPath = "";
			projectRoot = "";
			targets = (
				18377A1D21EDAD9000803197 /* hwfinal */,
				18377A3121EDAD9500803197 /* hwfinalTests */,
				18377A3C21EDAD9500803197 /* hwfinalUITests */,
			);
		};
/* End PBXProject section */

/* Begin PBXResourcesBuildPhase section */
		18377A1C21EDAD9000803197 /* Resources */ = {
			isa = PBXResourcesBuildPhase;
			buildActionMask = 2147483647;
			files = (
				18377A2C21EDAD9500803197 /* LaunchScreen.storyboard in Resources */,
				18377A2921EDAD9500803197 /* Assets.xcassets in Resources */,
				18377A2721EDAD9000803197 /* Main.storyboard in Resources */,
			);
			runOnlyForDeploymentPostprocessing = 0;
		};
		18377A3021EDAD9500803197 /* Resources */ = {
			isa = PBXResourcesBuildPhase;
			buildActionMask = 2147483647;
			files = (
			);
			runOnlyForDeploymentPostprocessing = 0;
		};
		18377A3B21EDAD9500803197 /* Resources */ = {
			isa = PBXResourcesBuildPhase;
			buildActionMask = 2147483647;
			files = (
			);
			runOnlyForDeploymentPostprocessing = 0;
		};
/* End PBXResourcesBuildPhase section */

/* Begin PBXSourcesBuildPhase section */
		18377A1A21EDAD9000803197 /* Sources */ = {
			isa = PBXSourcesBuildPhase;
			buildActionMask = 2147483647;
			files = (
				18377A2421EDAD9000803197 /* ViewController.swift in Sources */,
				18377A2221EDAD9000803197 /* AppDelegate.swift in Sources */,
			);
			runOnlyForDeploymentPostprocessing = 0;
		};
		18377A2E21EDAD9500803197 /* Sources */ = {
			isa = PBXSourcesBuildPhase;
			buildActionMask = 2147483647;
			files = (
				18377A3721EDAD9500803197 /* hwfinalTests.swift in Sources */,
			);
			runOnlyForDeploymentPostprocessing = 0;
		};
		18377A3921EDAD9500803197 /* Sources */ = {
			isa = PBXSourcesBuildPhase;
			buildActionMask = 2147483647;
			files = (
				18377A4221EDAD9500803197 /* hwfinalUITests.swift in Sources */,
			);
			runOnlyForDeploymentPostprocessing = 0;
		};
/* End PBXSourcesBuildPhase section */

/* Begin PBXTargetDependency section */
		18377A3421EDAD9500803197 /* PBXTargetDependency */ = {
			isa = PBXTargetDependency;
			target = 18377A1D21EDAD9000803197 /* hwfinal */;
			targetProxy = 18377A3321EDAD9500803197 /* PBXContainerItemProxy */;
		};
		18377A3F21EDAD9500803197 /* PBXTargetDependency */ = {
			isa = PBXTargetDependency;
			target = 18377A1D21EDAD9000803197 /* hwfinal */;
			targetProxy = 18377A3E21EDAD9500803197 /* PBXContainerItemProxy */;
		};
/* End PBXTargetDependency section */

/* Begin PBXVariantGroup section */
		18377A2521EDAD9000803197 /* Main.storyboard */ = {
			isa = PBXVariantGroup;
			children = (
				18377A2621EDAD9000803197 /* Base */,
			);
			name = Main.storyboard;
			sourceTree = "<group>";
		};
		18377A2A21EDAD9500803197 /* LaunchScreen.storyboard */ = {
			isa = PBXVariantGroup;
			children = (
				18377A2B21EDAD9500803197 /* Base */,
			);
			name = LaunchScreen.storyboard;
			sourceTree = "<group>";
		};
/* End PBXVariantGroup section */

/* Begin XCBuildConfiguration section */
		18377A4421EDAD9500803197 /* Debug */ = {
			isa = XCBuildConfiguration;
			buildSettings = {
				ALWAYS_SEARCH_USER_PATHS = NO;
				CLANG_ANALYZER_NONNULL = YES;
				CLANG_ANALYZER_NUMBER_OBJECT_CONVERSION = YES_AGGRESSIVE;
				CLANG_CXX_LANGUAGE_STANDARD = "gnu++14";
				CLANG_CXX_LIBRARY = "libc++";
				CLANG_ENABLE_MODULES = YES;
				CLANG_ENABLE_OBJC_ARC = YES;
				CLANG_ENABLE_OBJC_WEAK = YES;
				CLANG_WARN_BLOCK_CAPTURE_AUTORELEASING = YES;
				CLANG_WARN_BOOL_CONVERSION = YES;
				CLANG_WARN_COMMA = YES;
				CLANG_WARN_CONSTANT_CONVERSION = YES;
				CLANG_WARN_DEPRECATED_OBJC_IMPLEMENTATIONS = YES;
				CLANG_WARN_DIRECT_OBJC_ISA_USAGE = YES_ERROR;
				CLANG_WARN_DOCUMENTATION_COMMENTS = YES;
				CLANG_WARN_EMPTY_BODY = YES;
				CLANG_WARN_ENUM_CONVERSION = YES;
				CLANG_WARN_INFINITE_RECURSION = YES;
				CLANG_WARN_INT_CONVERSION = YES;
				CLANG_WARN_NON_LITERAL_NULL_CONVERSION = YES;
				CLANG_WARN_OBJC_IMPLICIT_RETAIN_SELF = YES;
				CLANG_WARN_OBJC_LITERAL_CONVERSION = YES;
				CLANG_WARN_OBJC_ROOT_CLASS = YES_ERROR;
				CLANG_WARN_RANGE_LOOP_ANALYSIS = YES;
				CLANG_WARN_STRICT_PROTOTYPES = YES;
				CLANG_WARN_SUSPICIOUS_MOVE = YES;
				CLANG_WARN_UNGUARDED_AVAILABILITY = YES_AGGRESSIVE;
				CLANG_WARN_UNREACHABLE_CODE = YES;
				CLANG_WARN__DUPLICATE_METHOD_MATCH = YES;
				CODE_SIGN_IDENTITY = "iPhone Developer";
				COPY_PHASE_STRIP = NO;
				DEBUG_INFORMATION_FORMAT = dwarf;
				ENABLE_STRICT_OBJC_MSGSEND = YES;
				ENABLE_TESTABILITY = YES;
				GCC_C_LANGUAGE_STANDARD = gnu11;
				GCC_DYNAMIC_NO_PIC = NO;
				GCC_NO_COMMON_BLOCKS = YES;
				GCC_OPTIMIZATION_LEVEL = 0;
				GCC_PREPROCESSOR_DEFINITIONS = (
					"DEBUG=1",
					"$(inherited)",
				);
				GCC_WARN_64_TO_32_BIT_CONVERSION = YES;
				GCC_WARN_ABOUT_RETURN_TYPE = YES_ERROR;
				GCC_WARN_UNDECLARED_SELECTOR = YES;
				GCC_WARN_UNINITIALIZED_AUTOS = YES_AGGRESSIVE;
				GCC_WARN_UNUSED_FUNCTION = YES;
				GCC_WARN_UNUSED_VARIABLE = YES;
				IPHONEOS_DEPLOYMENT_TARGET = 12.0;
				MTL_ENABLE_DEBUG_INFO = INCLUDE_SOURCE;
				MTL_FAST_MATH = YES;
				ONLY_ACTIVE_ARCH = YES;
				SDKROOT = iphoneos;
				SWIFT_ACTIVE_COMPILATION_CONDITIONS = DEBUG;
				SWIFT_OPTIMIZATION_LEVEL = "-Onone";
			};
			name = Debug;
		};
		18377A4521EDAD9500803197 /* Release */ = {
			isa = XCBuildConfiguration;
			buildSettings = {
				ALWAYS_SEARCH_USER_PATHS = NO;
				CLANG_ANALYZER_NONNULL = YES;
				CLANG_ANALYZER_NUMBER_OBJECT_CONVERSION = YES_AGGRESSIVE;
				CLANG_CXX_LANGUAGE_STANDARD = "gnu++14";
				CLANG_CXX_LIBRARY = "libc++";
				CLANG_ENABLE_MODULES = YES;
				CLANG_ENABLE_OBJC_ARC = YES;
				CLANG_ENABLE_OBJC_WEAK = YES;
				CLANG_WARN_BLOCK_CAPTURE_AUTORELEASING = YES;
				CLANG_WARN_BOOL_CONVERSION = YES;
				CLANG_WARN_COMMA = YES;
				CLANG_WARN_CONSTANT_CONVERSION = YES;
				CLANG_WARN_DEPRECATED_OBJC_IMPLEMENTATIONS = YES;
				CLANG_WARN_DIRECT_OBJC_ISA_USAGE = YES_ERROR;
				CLANG_WARN_DOCUMENTATION_COMMENTS = YES;
				CLANG_WARN_EMPTY_BODY = YES;
				CLANG_WARN_ENUM_CONVERSION = YES;
				CLANG_WARN_INFINITE_RECURSION = YES;
				CLANG_WARN_INT_CONVERSION = YES;
				CLANG_WARN_NON_LITERAL_NULL_CONVERSION = YES;
				CLANG_WARN_OBJC_IMPLICIT_RETAIN_SELF = YES;
				CLANG_WARN_OBJC_LITERAL_CONVERSION = YES;
				CLANG_WARN_OBJC_ROOT_CLASS = YES_ERROR;
				CLANG_WARN_RANGE_LOOP_ANALYSIS = YES;
				CLANG_WARN_STRICT_PROTOTYPES = YES;
				CLANG_WARN_SUSPICIOUS_MOVE = YES;
				CLANG_WARN_UNGUARDED_AVAILABILITY = YES_AGGRESSIVE;
				CLANG_WARN_UNREACHABLE_CODE = YES;
				CLANG_WARN__DUPLICATE_METHOD_MATCH = YES;
				CODE_SIGN_IDENTITY = "iPhone Developer";
				COPY_PHASE_STRIP = NO;
				DEBUG_INFORMATION_FORMAT = "dwarf-with-dsym";
				ENABLE_NS_ASSERTIONS = NO;
				ENABLE_STRICT_OBJC_MSGSEND = YES;
				GCC_C_LANGUAGE_STANDARD = gnu11;
				GCC_NO_COMMON_BLOCKS = YES;
				GCC_WARN_64_TO_32_BIT_CONVERSION = YES;
				GCC_WARN_ABOUT_RETURN_TYPE = YES_ERROR;
				GCC_WARN_UNDECLARED_SELECTOR = YES;
				GCC_WARN_UNINITIALIZED_AUTOS = YES_AGGRESSIVE;
				GCC_WARN_UNUSED_FUNCTION = YES;
				GCC_WARN_UNUSED_VARIABLE = YES;
				IPHONEOS_DEPLOYMENT_TARGET = 12.0;
				MTL_ENABLE_DEBUG_INFO = NO;
				MTL_FAST_MATH = YES;
				SDKROOT = iphoneos;
				SWIFT_COMPILATION_MODE = wholemodule;
				SWIFT_OPTIMIZATION_LEVEL = "-O";
				VALIDATE_PRODUCT = YES;
			};
			name = Release;
		};
		18377A4721EDAD9500803197 /* Debug */ = {
			isa = XCBuildConfiguration;
			buildSettings = {
				ASSETCATALOG_COMPILER_APPICON_NAME = AppIcon;
				CODE_SIGN_STYLE = Automatic;
				INFOPLIST_FILE = hwfinal/Info.plist;
				LD_RUNPATH_SEARCH_PATHS = (
					"$(inherited)",
					"@executable_path/Frameworks",
				);
				PRODUCT_BUNDLE_IDENTIFIER = shark.hwfinal;
				PRODUCT_NAME = "$(TARGET_NAME)";
				SWIFT_VERSION = 4.2;
				TARGETED_DEVICE_FAMILY = "1,2";
			};
			name = Debug;
		};
		18377A4821EDAD9500803197 /* Release */ = {
			isa = XCBuildConfiguration;
			buildSettings = {
				ASSETCATALOG_COMPILER_APPICON_NAME = AppIcon;
				CODE_SIGN_STYLE = Automatic;
				INFOPLIST_FILE = hwfinal/Info.plist;
				LD_RUNPATH_SEARCH_PATHS = (
					"$(inherited)",
					"@executable_path/Frameworks",
				);
				PRODUCT_BUNDLE_IDENTIFIER = shark.hwfinal;
				PRODUCT_NAME = "$(TARGET_NAME)";
				SWIFT_VERSION = 4.2;
				TARGETED_DEVICE_FAMILY = "1,2";
			};
			name = Release;
		};
		18377A4A21EDAD9500803197 /* Debug */ = {
			isa = XCBuildConfiguration;
			buildSettings = {
				ALWAYS_EMBED_SWIFT_STANDARD_LIBRARIES = YES;
				BUNDLE_LOADER = "$(TEST_HOST)";
				CODE_SIGN_STYLE = Automatic;
				INFOPLIST_FILE = hwfinalTests/Info.plist;
				LD_RUNPATH_SEARCH_PATHS = (
					"$(inherited)",
					"@executable_path/Frameworks",
					"@loader_path/Frameworks",
				);
				PRODUCT_BUNDLE_IDENTIFIER = shark.hwfinalTests;
				PRODUCT_NAME = "$(TARGET_NAME)";
				SWIFT_VERSION = 4.2;
				TARGETED_DEVICE_FAMILY = "1,2";
				TEST_HOST = "$(BUILT_PRODUCTS_DIR)/hwfinal.app/hwfinal";
			};
			name = Debug;
		};
		18377A4B21EDAD9500803197 /* Release */ = {
			isa = XCBuildConfiguration;
			buildSettings = {
				ALWAYS_EMBED_SWIFT_STANDARD_LIBRARIES = YES;
				BUNDLE_LOADER = "$(TEST_HOST)";
				CODE_SIGN_STYLE = Automatic;
				INFOPLIST_FILE = hwfinalTests/Info.plist;
				LD_RUNPATH_SEARCH_PATHS = (
					"$(inherited)",
					"@executable_path/Frameworks",
					"@loader_path/Frameworks",
				);
				PRODUCT_BUNDLE_IDENTIFIER = shark.hwfinalTests;
				PRODUCT_NAME = "$(TARGET_NAME)";
				SWIFT_VERSION = 4.2;
				TARGETED_DEVICE_FAMILY = "1,2";
				TEST_HOST = "$(BUILT_PRODUCTS_DIR)/hwfinal.app/hwfinal";
			};
			name = Release;
		};
		18377A4D21EDAD9500803197 /* Debug */ = {
			isa = XCBuildConfiguration;
			buildSettings = {
				ALWAYS_EMBED_SWIFT_STANDARD_LIBRARIES = YES;
				CODE_SIGN_STYLE = Automatic;
				INFOPLIST_FILE = hwfinalUITests/Info.plist;
				LD_RUNPATH_SEARCH_PATHS = (
					"$(inherited)",
					"@executable_path/Frameworks",
					"@loader_path/Frameworks",
				);
				PRODUCT_BUNDLE_IDENTIFIER = shark.hwfinalUITests;
				PRODUCT_NAME = "$(TARGET_NAME)";
				SWIFT_VERSION = 4.2;
				TARGETED_DEVICE_FAMILY = "1,2";
				TEST_TARGET_NAME = hwfinal;
			};
			name = Debug;
		};
		18377A4E21EDAD9500803197 /* Release */ = {
			isa = XCBuildConfiguration;
			buildSettings = {
				ALWAYS_EMBED_SWIFT_STANDARD_LIBRARIES = YES;
				CODE_SIGN_STYLE = Automatic;
				INFOPLIST_FILE = hwfinalUITests/Info.plist;
				LD_RUNPATH_SEARCH_PATHS = (
					"$(inherited)",
					"@executable_path/Frameworks",
					"@loader_path/Frameworks",
				);
				PRODUCT_BUNDLE_IDENTIFIER = shark.hwfinalUITests;
				PRODUCT_NAME = "$(TARGET_NAME)";
				SWIFT_VERSION = 4.2;
				TARGETED_DEVICE_FAMILY = "1,2";
				TEST_TARGET_NAME = hwfinal;
			};
			name = Release;
		};
/* End XCBuildConfiguration section */

/* Begin XCConfigurationList section */
		18377A1921EDAD9000803197 /* Build configuration list for PBXProject "hwfinal" */ = {
			isa = XCConfigurationList;
			buildConfigurations = (
				18377A4421EDAD9500803197 /* Debug */,
				18377A4521EDAD9500803197 /* Release */,
			);
			defaultConfigurationIsVisible = 0;
			defaultConfigurationName = Release;
		};
		18377A4621EDAD9500803197 /* Build configuration list for PBXNativeTarget "hwfinal" */ = {
			isa = XCConfigurationList;
			buildConfigurations = (
				18377A4721EDAD9500803197 /* Debug */,
				18377A4821EDAD9500803197 /* Release */,
			);
			defaultConfigurationIsVisible = 0;
			defaultConfigurationName = Release;
		};
		18377A4921EDAD9500803197 /* Build configuration list for PBXNativeTarget "hwfinalTests" */ = {
			isa = XCConfigurationList;
			buildConfigurations = (
				18377A4A21EDAD9500803197 /* Debug */,
				18377A4B21EDAD9500803197 /* Release */,
			);
			defaultConfigurationIsVisible = 0;
			defaultConfigurationName = Release;
		};
		18377A4C21EDAD9500803197 /* Build configuration list for PBXNativeTarget "hwfinalUITests" */ = {
			isa = XCConfigurationList;
			buildConfigurations = (
				18377A4D21EDAD9500803197 /* Debug */,
				18377A4E21EDAD9500803197 /* Release */,
			);
			defaultConfigurationIsVisible = 0;
			defaultConfigurationName = Release;
		};
/* End XCConfigurationList section */
	};
	rootObject = 18377A1621EDAD9000803197 /* Project object */;
}
